// !$*UTF8*$!
{
	archiveVersion = 1;
	classes = {
	};
	objectVersion = 46;
	objects = {

/* Begin PBXBuildFile section */
		4E8B05A81B7C9D66004761BE /* DisplayView.m in Sources */ = {isa = PBXBuildFile; fileRef = 4E8B05A71B7C9D66004761BE /* DisplayView.m */; };
		4E8CE3111B81DC1E00FFBFBB /* content.json in Resources */ = {isa = PBXBuildFile; fileRef = 4E8CE3101B81DC1E00FFBFBB /* content.json */; };
		4E901CB21B82E1FD0058845C /* coretext-image-1.jpg in Resources */ = {isa = PBXBuildFile; fileRef = 4E901CAE1B82E1FD0058845C /* coretext-image-1.jpg */; };
		4E901CB31B82E1FD0058845C /* coretext-image-2.jpg in Resources */ = {isa = PBXBuildFile; fileRef = 4E901CAF1B82E1FD0058845C /* coretext-image-2.jpg */; };
		4E901CB41B82E1FD0058845C /* cursor@2x.png in Resources */ = {isa = PBXBuildFile; fileRef = 4E901CB01B82E1FD0058845C /* cursor@2x.png */; };
		4E901CB51B82E1FD0058845C /* red@2x.png in Resources */ = {isa = PBXBuildFile; fileRef = 4E901CB11B82E1FD0058845C /* red@2x.png */; };
		4E93FBFE1B7B5E20001C04FF /* main.m in Sources */ = {isa = PBXBuildFile; fileRef = 4E93FBFD1B7B5E20001C04FF /* main.m */; };
		4E93FC011B7B5E20001C04FF /* AppDelegate.m in Sources */ = {isa = PBXBuildFile; fileRef = 4E93FC001B7B5E20001C04FF /* AppDelegate.m */; };
		4E93FC041B7B5E20001C04FF /* ViewController.m in Sources */ = {isa = PBXBuildFile; fileRef = 4E93FC031B7B5E20001C04FF /* ViewController.m */; };
		4E93FC071B7B5E20001C04FF /* Main.storyboard in Resources */ = {isa = PBXBuildFile; fileRef = 4E93FC051B7B5E20001C04FF /* Main.storyboard */; };
		4E93FC091B7B5E20001C04FF /* Images.xcassets in Resources */ = {isa = PBXBuildFile; fileRef = 4E93FC081B7B5E20001C04FF /* Images.xcassets */; };
		4E93FC0C1B7B5E20001C04FF /* LaunchScreen.xib in Resources */ = {isa = PBXBuildFile; fileRef = 4E93FC0A1B7B5E20001C04FF /* LaunchScreen.xib */; };
		4E93FC181B7B5E20001C04FF /* coreTextTests.m in Sources */ = {isa = PBXBuildFile; fileRef = 4E93FC171B7B5E20001C04FF /* coreTextTests.m */; };
		4E93FC221B7B62F2001C04FF /* CoreText.framework in Frameworks */ = {isa = PBXBuildFile; fileRef = 4E93FC211B7B62F2001C04FF /* CoreText.framework */; };
		4E9983481B837751002CCED3 /* UIViewExt.m in Sources */ = {isa = PBXBuildFile; fileRef = 4E9983471B837751002CCED3 /* UIViewExt.m */; };
		4E99834B1B837775002CCED3 /* CoreTextUtils.m in Sources */ = {isa = PBXBuildFile; fileRef = 4E99834A1B837775002CCED3 /* CoreTextUtils.m */; };
		4E9983531B8377D4002CCED3 /* CoreTextData.m in Sources */ = {isa = PBXBuildFile; fileRef = 4E99834E1B8377D4002CCED3 /* CoreTextData.m */; };
		4E9983541B8377D4002CCED3 /* CTFrameParser.m in Sources */ = {isa = PBXBuildFile; fileRef = 4E9983501B8377D4002CCED3 /* CTFrameParser.m */; };
		4E9983551B8377D4002CCED3 /* CTFrameParserConfig.m in Sources */ = {isa = PBXBuildFile; fileRef = 4E9983521B8377D4002CCED3 /* CTFrameParserConfig.m */; };
		4E99835B1B8377DF002CCED3 /* CoreTextImageData.m in Sources */ = {isa = PBXBuildFile; fileRef = 4E9983581B8377DF002CCED3 /* CoreTextImageData.m */; };
		4E99835C1B8377DF002CCED3 /* CoreTextLinkData.m in Sources */ = {isa = PBXBuildFile; fileRef = 4E99835A1B8377DF002CCED3 /* CoreTextLinkData.m */; };
		4E9983621B8377E8002CCED3 /* CTDisplayView.m in Sources */ = {isa = PBXBuildFile; fileRef = 4E99835F1B8377E8002CCED3 /* CTDisplayView.m */; };
		4E9983631B8377E8002CCED3 /* MagnifiterView.m in Sources */ = {isa = PBXBuildFile; fileRef = 4E9983611B8377E8002CCED3 /* MagnifiterView.m */; };
/* End PBXBuildFile section */

/* Begin PBXContainerItemProxy section */
		4E93FC121B7B5E20001C04FF /* PBXContainerItemProxy */ = {
			isa = PBXContainerItemProxy;
			containerPortal = 4E93FBF01B7B5E20001C04FF /* Project object */;
			proxyType = 1;
			remoteGlobalIDString = 4E93FBF71B7B5E20001C04FF;
			remoteInfo = coreText;
		};
/* End PBXContainerItemProxy section */

/* Begin PBXFileReference section */
		4E8B05A61B7C9D66004761BE /* DisplayView.h */ = {isa = PBXFileReference; fileEncoding = 4; lastKnownFileType = sourcecode.c.h; path = DisplayView.h; sourceTree = "<group>"; };
		4E8B05A71B7C9D66004761BE /* DisplayView.m */ = {isa = PBXFileReference; fileEncoding = 4; lastKnownFileType = sourcecode.c.objc; path = DisplayView.m; sourceTree = "<group>"; };
		4E8CE3061B81AD2100FFBFBB /* pchFile.pch */ = {isa = PBXFileReference; lastKnownFileType = sourcecode.c.h; path = pchFile.pch; sourceTree = "<group>"; };
		4E8CE3101B81DC1E00FFBFBB /* content.json */ = {isa = PBXFileReference; fileEncoding = 4; lastKnownFileType = text.json; path = content.json; sourceTree = "<group>"; };
		4E901CAE1B82E1FD0058845C /* coretext-image-1.jpg */ = {isa = PBXFileReference; lastKnownFileType = image.jpeg; path = "coretext-image-1.jpg"; sourceTree = "<group>"; };
		4E901CAF1B82E1FD0058845C /* coretext-image-2.jpg */ = {isa = PBXFileReference; lastKnownFileType = image.jpeg; path = "coretext-image-2.jpg"; sourceTree = "<group>"; };
		4E901CB01B82E1FD0058845C /* cursor@2x.png */ = {isa = PBXFileReference; lastKnownFileType = image.png; path = "cursor@2x.png"; sourceTree = "<group>"; };
		4E901CB11B82E1FD0058845C /* red@2x.png */ = {isa = PBXFileReference; lastKnownFileType = image.png; path = "red@2x.png"; sourceTree = "<group>"; };
		4E93FBF81B7B5E20001C04FF /* coreText.app */ = {isa = PBXFileReference; explicitFileType = wrapper.application; includeInIndex = 0; path = coreText.app; sourceTree = BUILT_PRODUCTS_DIR; };
		4E93FBFC1B7B5E20001C04FF /* Info.plist */ = {isa = PBXFileReference; lastKnownFileType = text.plist.xml; path = Info.plist; sourceTree = "<group>"; };
		4E93FBFD1B7B5E20001C04FF /* main.m */ = {isa = PBXFileReference; lastKnownFileType = sourcecode.c.objc; path = main.m; sourceTree = "<group>"; };
		4E93FBFF1B7B5E20001C04FF /* AppDelegate.h */ = {isa = PBXFileReference; lastKnownFileType = sourcecode.c.h; path = AppDelegate.h; sourceTree = "<group>"; };
		4E93FC001B7B5E20001C04FF /* AppDelegate.m */ = {isa = PBXFileReference; lastKnownFileType = sourcecode.c.objc; path = AppDelegate.m; sourceTree = "<group>"; };
		4E93FC021B7B5E20001C04FF /* ViewController.h */ = {isa = PBXFileReference; lastKnownFileType = sourcecode.c.h; path = ViewController.h; sourceTree = "<group>"; };
		4E93FC031B7B5E20001C04FF /* ViewController.m */ = {isa = PBXFileReference; lastKnownFileType = sourcecode.c.objc; path = ViewController.m; sourceTree = "<group>"; };
		4E93FC061B7B5E20001C04FF /* Base */ = {isa = PBXFileReference; lastKnownFileType = file.storyboard; name = Base; path = Base.lproj/Main.storyboard; sourceTree = "<group>"; };
		4E93FC081B7B5E20001C04FF /* Images.xcassets */ = {isa = PBXFileReference; lastKnownFileType = folder.assetcatalog; path = Images.xcassets; sourceTree = "<group>"; };
		4E93FC0B1B7B5E20001C04FF /* Base */ = {isa = PBXFileReference; lastKnownFileType = file.xib; name = Base; path = Base.lproj/LaunchScreen.xib; sourceTree = "<group>"; };
		4E93FC111B7B5E20001C04FF /* coreTextTests.xctest */ = {isa = PBXFileReference; explicitFileType = wrapper.cfbundle; includeInIndex = 0; path = coreTextTests.xctest; sourceTree = BUILT_PRODUCTS_DIR; };
		4E93FC161B7B5E20001C04FF /* Info.plist */ = {isa = PBXFileReference; lastKnownFileType = text.plist.xml; path = Info.plist; sourceTree = "<group>"; };
		4E93FC171B7B5E20001C04FF /* coreTextTests.m */ = {isa = PBXFileReference; lastKnownFileType = sourcecode.c.objc; path = coreTextTests.m; sourceTree = "<group>"; };
		4E93FC211B7B62F2001C04FF /* CoreText.framework */ = {isa = PBXFileReference; lastKnownFileType = wrapper.framework; name = CoreText.framework; path = System/Library/Frameworks/CoreText.framework; sourceTree = SDKROOT; };
		4E9983461B837751002CCED3 /* UIViewExt.h */ = {isa = PBXFileReference; fileEncoding = 4; lastKnownFileType = sourcecode.c.h; path = UIViewExt.h; sourceTree = "<group>"; };
		4E9983471B837751002CCED3 /* UIViewExt.m */ = {isa = PBXFileReference; fileEncoding = 4; lastKnownFileType = sourcecode.c.objc; path = UIViewExt.m; sourceTree = "<group>"; };
		4E9983491B837775002CCED3 /* CoreTextUtils.h */ = {isa = PBXFileReference; fileEncoding = 4; lastKnownFileType = sourcecode.c.h; name = CoreTextUtils.h; path = CoreTextClass/CoreTextTool/CoreTextUtils.h; sourceTree = "<group>"; };
		4E99834A1B837775002CCED3 /* CoreTextUtils.m */ = {isa = PBXFileReference; fileEncoding = 4; lastKnownFileType = sourcecode.c.objc; name = CoreTextUtils.m; path = CoreTextClass/CoreTextTool/CoreTextUtils.m; sourceTree = "<group>"; };
		4E99834D1B8377D4002CCED3 /* CoreTextData.h */ = {isa = PBXFileReference; fileEncoding = 4; lastKnownFileType = sourcecode.c.h; path = CoreTextData.h; sourceTree = "<group>"; };
		4E99834E1B8377D4002CCED3 /* CoreTextData.m */ = {isa = PBXFileReference; fileEncoding = 4; lastKnownFileType = sourcecode.c.objc; path = CoreTextData.m; sourceTree = "<group>"; };
		4E99834F1B8377D4002CCED3 /* CTFrameParser.h */ = {isa = PBXFileReference; fileEncoding = 4; lastKnownFileType = sourcecode.c.h; path = CTFrameParser.h; sourceTree = "<group>"; };
		4E9983501B8377D4002CCED3 /* CTFrameParser.m */ = {isa = PBXFileReference; fileEncoding = 4; lastKnownFileType = sourcecode.c.objc; path = CTFrameParser.m; sourceTree = "<group>"; };
		4E9983511B8377D4002CCED3 /* CTFrameParserConfig.h */ = {isa = PBXFileReference; fileEncoding = 4; lastKnownFileType = sourcecode.c.h; path = CTFrameParserConfig.h; sourceTree = "<group>"; };
		4E9983521B8377D4002CCED3 /* CTFrameParserConfig.m */ = {isa = PBXFileReference; fileEncoding = 4; lastKnownFileType = sourcecode.c.objc; path = CTFrameParserConfig.m; sourceTree = "<group>"; };
		4E9983571B8377DF002CCED3 /* CoreTextImageData.h */ = {isa = PBXFileReference; fileEncoding = 4; lastKnownFileType = sourcecode.c.h; path = CoreTextImageData.h; sourceTree = "<group>"; };
		4E9983581B8377DF002CCED3 /* CoreTextImageData.m */ = {isa = PBXFileReference; fileEncoding = 4; lastKnownFileType = sourcecode.c.objc; path = CoreTextImageData.m; sourceTree = "<group>"; };
		4E9983591B8377DF002CCED3 /* CoreTextLinkData.h */ = {isa = PBXFileReference; fileEncoding = 4; lastKnownFileType = sourcecode.c.h; path = CoreTextLinkData.h; sourceTree = "<group>"; };
		4E99835A1B8377DF002CCED3 /* CoreTextLinkData.m */ = {isa = PBXFileReference; fileEncoding = 4; lastKnownFileType = sourcecode.c.objc; path = CoreTextLinkData.m; sourceTree = "<group>"; };
		4E99835E1B8377E8002CCED3 /* CTDisplayView.h */ = {isa = PBXFileReference; fileEncoding = 4; lastKnownFileType = sourcecode.c.h; path = CTDisplayView.h; sourceTree = "<group>"; };
		4E99835F1B8377E8002CCED3 /* CTDisplayView.m */ = {isa = PBXFileReference; fileEncoding = 4; lastKnownFileType = sourcecode.c.objc; path = CTDisplayView.m; sourceTree = "<group>"; };
		4E9983601B8377E8002CCED3 /* MagnifiterView.h */ = {isa = PBXFileReference; fileEncoding = 4; lastKnownFileType = sourcecode.c.h; path = MagnifiterView.h; sourceTree = "<group>"; };
		4E9983611B8377E8002CCED3 /* MagnifiterView.m */ = {isa = PBXFileReference; fileEncoding = 4; lastKnownFileType = sourcecode.c.objc; path = MagnifiterView.m; sourceTree = "<group>"; };
/* End PBXFileReference section */

/* Begin PBXFrameworksBuildPhase section */
		4E93FBF51B7B5E20001C04FF /* Frameworks */ = {
			isa = PBXFrameworksBuildPhase;
			buildActionMask = 2147483647;
			files = (
				4E93FC221B7B62F2001C04FF /* CoreText.framework in Frameworks */,
			);
			runOnlyForDeploymentPostprocessing = 0;
		};
		4E93FC0E1B7B5E20001C04FF /* Frameworks */ = {
			isa = PBXFrameworksBuildPhase;
			buildActionMask = 2147483647;
			files = (
			);
			runOnlyForDeploymentPostprocessing = 0;
		};
/* End PBXFrameworksBuildPhase section */

/* Begin PBXGroup section */
		4E8CE2F81B819A4800FFBFBB /* CoreTextClass */ = {
			isa = PBXGroup;
			children = (
				4E9983441B8376DF002CCED3 /* CoreTextConfig */,
				4E9983431B8376A2002CCED3 /* CoreTextModel */,
				4E9983421B837696002CCED3 /* CoreTextView */,
				4E9983411B837687002CCED3 /* CoreTextTool */,
			);
			name = CoreTextClass;
			sourceTree = "<group>";
		};
		4E901CAD1B82E1FD0058845C /* images */ = {
			isa = PBXGroup;
			children = (
				4E901CAE1B82E1FD0058845C /* coretext-image-1.jpg */,
				4E901CAF1B82E1FD0058845C /* coretext-image-2.jpg */,
				4E901CB01B82E1FD0058845C /* cursor@2x.png */,
				4E901CB11B82E1FD0058845C /* red@2x.png */,
			);
			path = images;
			sourceTree = "<group>";
		};
		4E93FBEF1B7B5E20001C04FF = {
			isa = PBXGroup;
			children = (
				4E93FC211B7B62F2001C04FF /* CoreText.framework */,
				4E93FBFA1B7B5E20001C04FF /* coreText */,
				4E93FC141B7B5E20001C04FF /* coreTextTests */,
				4E93FBF91B7B5E20001C04FF /* Products */,
			);
			sourceTree = "<group>";
		};
		4E93FBF91B7B5E20001C04FF /* Products */ = {
			isa = PBXGroup;
			children = (
				4E93FBF81B7B5E20001C04FF /* coreText.app */,
				4E93FC111B7B5E20001C04FF /* coreTextTests.xctest */,
			);
			name = Products;
			sourceTree = "<group>";
		};
		4E93FBFA1B7B5E20001C04FF /* coreText */ = {
			isa = PBXGroup;
			children = (
				4E8CE2F81B819A4800FFBFBB /* CoreTextClass */,
				4E93FBFF1B7B5E20001C04FF /* AppDelegate.h */,
				4E93FC001B7B5E20001C04FF /* AppDelegate.m */,
				4E93FC021B7B5E20001C04FF /* ViewController.h */,
				4E93FC031B7B5E20001C04FF /* ViewController.m */,
				4E93FC051B7B5E20001C04FF /* Main.storyboard */,
				4E8B05A61B7C9D66004761BE /* DisplayView.h */,
				4E8B05A71B7C9D66004761BE /* DisplayView.m */,
				4E93FC081B7B5E20001C04FF /* Images.xcassets */,
				4E93FC0A1B7B5E20001C04FF /* LaunchScreen.xib */,
				4E93FBFB1B7B5E20001C04FF /* Supporting Files */,
			);
			path = coreText;
			sourceTree = "<group>";
		};
		4E93FBFB1B7B5E20001C04FF /* Supporting Files */ = {
			isa = PBXGroup;
			children = (
				4E93FBFC1B7B5E20001C04FF /* Info.plist */,
				4E93FBFD1B7B5E20001C04FF /* main.m */,
				4E8CE3061B81AD2100FFBFBB /* pchFile.pch */,
				4E8CE3101B81DC1E00FFBFBB /* content.json */,
				4E901CAD1B82E1FD0058845C /* images */,
			);
			name = "Supporting Files";
			sourceTree = "<group>";
		};
		4E93FC141B7B5E20001C04FF /* coreTextTests */ = {
			isa = PBXGroup;
			children = (
				4E93FC171B7B5E20001C04FF /* coreTextTests.m */,
				4E93FC151B7B5E20001C04FF /* Supporting Files */,
			);
			path = coreTextTests;
			sourceTree = "<group>";
		};
		4E93FC151B7B5E20001C04FF /* Supporting Files */ = {
			isa = PBXGroup;
			children = (
				4E93FC161B7B5E20001C04FF /* Info.plist */,
			);
			name = "Supporting Files";
			sourceTree = "<group>";
		};
		4E9983411B837687002CCED3 /* CoreTextTool */ = {
			isa = PBXGroup;
			children = (
				4E9983491B837775002CCED3 /* CoreTextUtils.h */,
				4E99834A1B837775002CCED3 /* CoreTextUtils.m */,
				4E9983451B837751002CCED3 /* UIViewExt */,
			);
			name = CoreTextTool;
			sourceTree = "<group>";
		};
		4E9983421B837696002CCED3 /* CoreTextView */ = {
			isa = PBXGroup;
			children = (
				4E99835D1B8377E8002CCED3 /* CoreTextView */,
			);
			name = CoreTextView;
			sourceTree = "<group>";
		};
		4E9983431B8376A2002CCED3 /* CoreTextModel */ = {
			isa = PBXGroup;
			children = (
				4E9983561B8377DF002CCED3 /* CoreTextModel */,
			);
			name = CoreTextModel;
			sourceTree = "<group>";
		};
		4E9983441B8376DF002CCED3 /* CoreTextConfig */ = {
			isa = PBXGroup;
			children = (
				4E99834C1B8377D4002CCED3 /* CoreTextConfig */,
			);
			name = CoreTextConfig;
			sourceTree = "<group>";
		};
		4E9983451B837751002CCED3 /* UIViewExt */ = {
			isa = PBXGroup;
			children = (
				4E9983461B837751002CCED3 /* UIViewExt.h */,
				4E9983471B837751002CCED3 /* UIViewExt.m */,
			);
			name = UIViewExt;
			path = CoreTextClass/CoreTextTool/UIViewExt;
			sourceTree = "<group>";
		};
		4E99834C1B8377D4002CCED3 /* CoreTextConfig */ = {
			isa = PBXGroup;
			children = (
				4E99834D1B8377D4002CCED3 /* CoreTextData.h */,
				4E99834E1B8377D4002CCED3 /* CoreTextData.m */,
				4E99834F1B8377D4002CCED3 /* CTFrameParser.h */,
				4E9983501B8377D4002CCED3 /* CTFrameParser.m */,
				4E9983511B8377D4002CCED3 /* CTFrameParserConfig.h */,
				4E9983521B8377D4002CCED3 /* CTFrameParserConfig.m */,
			);
			name = CoreTextConfig;
			path = CoreTextClass/CoreTextConfig;
			sourceTree = "<group>";
		};
		4E9983561B8377DF002CCED3 /* CoreTextModel */ = {
			isa = PBXGroup;
			children = (
				4E9983571B8377DF002CCED3 /* CoreTextImageData.h */,
				4E9983581B8377DF002CCED3 /* CoreTextImageData.m */,
				4E9983591B8377DF002CCED3 /* CoreTextLinkData.h */,
				4E99835A1B8377DF002CCED3 /* CoreTextLinkData.m */,
			);
			name = CoreTextModel;
			path = CoreTextClass/CoreTextModel;
			sourceTree = "<group>";
		};
		4E99835D1B8377E8002CCED3 /* CoreTextView */ = {
			isa = PBXGroup;
			children = (
				4E99835E1B8377E8002CCED3 /* CTDisplayView.h */,
				4E99835F1B8377E8002CCED3 /* CTDisplayView.m */,
				4E9983601B8377E8002CCED3 /* MagnifiterView.h */,
				4E9983611B8377E8002CCED3 /* MagnifiterView.m */,
			);
			name = CoreTextView;
			path = CoreTextClass/CoreTextView;
			sourceTree = "<group>";
		};
/* End PBXGroup section */

/* Begin PBXNativeTarget section */
		4E93FBF71B7B5E20001C04FF /* coreText */ = {
			isa = PBXNativeTarget;
			buildConfigurationList = 4E93FC1B1B7B5E20001C04FF /* Build configuration list for PBXNativeTarget "coreText" */;
			buildPhases = (
				4E93FBF41B7B5E20001C04FF /* Sources */,
				4E93FBF51B7B5E20001C04FF /* Frameworks */,
				4E93FBF61B7B5E20001C04FF /* Resources */,
			);
			buildRules = (
			);
			dependencies = (
			);
			name = coreText;
			productName = coreText;
			productReference = 4E93FBF81B7B5E20001C04FF /* coreText.app */;
			productType = "com.apple.product-type.application";
		};
		4E93FC101B7B5E20001C04FF /* coreTextTests */ = {
			isa = PBXNativeTarget;
			buildConfigurationList = 4E93FC1E1B7B5E20001C04FF /* Build configuration list for PBXNativeTarget "coreTextTests" */;
			buildPhases = (
				4E93FC0D1B7B5E20001C04FF /* Sources */,
				4E93FC0E1B7B5E20001C04FF /* Frameworks */,
				4E93FC0F1B7B5E20001C04FF /* Resources */,
			);
			buildRules = (
			);
			dependencies = (
				4E93FC131B7B5E20001C04FF /* PBXTargetDependency */,
			);
			name = coreTextTests;
			productName = coreTextTests;
			productReference = 4E93FC111B7B5E20001C04FF /* coreTextTests.xctest */;
			productType = "com.apple.product-type.bundle.unit-test";
		};
/* End PBXNativeTarget section */

/* Begin PBXProject section */
		4E93FBF01B7B5E20001C04FF /* Project object */ = {
			isa = PBXProject;
			attributes = {
				LastUpgradeCheck = 0630;
				ORGANIZATIONNAME = RongYu100;
				TargetAttributes = {
					4E93FBF71B7B5E20001C04FF = {
						CreatedOnToolsVersion = 6.3.2;
					};
					4E93FC101B7B5E20001C04FF = {
						CreatedOnToolsVersion = 6.3.2;
						TestTargetID = 4E93FBF71B7B5E20001C04FF;
					};
				};
			};
			buildConfigurationList = 4E93FBF31B7B5E20001C04FF /* Build configuration list for PBXProject "coreText" */;
			compatibilityVersion = "Xcode 3.2";
			developmentRegion = English;
			hasScannedForEncodings = 0;
			knownRegions = (
				en,
				Base,
			);
			mainGroup = 4E93FBEF1B7B5E20001C04FF;
			productRefGroup = 4E93FBF91B7B5E20001C04FF /* Products */;
			projectDirPath = "";
			projectRoot = "";
			targets = (
				4E93FBF71B7B5E20001C04FF /* coreText */,
				4E93FC101B7B5E20001C04FF /* coreTextTests */,
			);
		};
/* End PBXProject section */

/* Begin PBXResourcesBuildPhase section */
		4E93FBF61B7B5E20001C04FF /* Resources */ = {
			isa = PBXResourcesBuildPhase;
			buildActionMask = 2147483647;
			files = (
				4E901CB41B82E1FD0058845C /* cursor@2x.png in Resources */,
				4E93FC071B7B5E20001C04FF /* Main.storyboard in Resources */,
				4E901CB51B82E1FD0058845C /* red@2x.png in Resources */,
				4E93FC0C1B7B5E20001C04FF /* LaunchScreen.xib in Resources */,
				4E93FC091B7B5E20001C04FF /* Images.xcassets in Resources */,
				4E901CB21B82E1FD0058845C /* coretext-image-1.jpg in Resources */,
				4E901CB31B82E1FD0058845C /* coretext-image-2.jpg in Resources */,
				4E8CE3111B81DC1E00FFBFBB /* content.json in Resources */,
			);
			runOnlyForDeploymentPostprocessing = 0;
		};
		4E93FC0F1B7B5E20001C04FF /* Resources */ = {
			isa = PBXResourcesBuildPhase;
			buildActionMask = 2147483647;
			files = (
			);
			runOnlyForDeploymentPostprocessing = 0;
		};
/* End PBXResourcesBuildPhase section */

/* Begin PBXSourcesBuildPhase section */
		4E93FBF41B7B5E20001C04FF /* Sources */ = {
			isa = PBXSourcesBuildPhase;
			buildActionMask = 2147483647;
			files = (
				4E93FC041B7B5E20001C04FF /* ViewController.m in Sources */,
				4E99835C1B8377DF002CCED3 /* CoreTextLinkData.m in Sources */,
				4E9983631B8377E8002CCED3 /* MagnifiterView.m in Sources */,
				4E99835B1B8377DF002CCED3 /* CoreTextImageData.m in Sources */,
				4E9983541B8377D4002CCED3 /* CTFrameParser.m in Sources */,
				4E9983551B8377D4002CCED3 /* CTFrameParserConfig.m in Sources */,
				4E99834B1B837775002CCED3 /* CoreTextUtils.m in Sources */,
				4E8B05A81B7C9D66004761BE /* DisplayView.m in Sources */,
				4E9983531B8377D4002CCED3 /* CoreTextData.m in Sources */,
				4E93FC011B7B5E20001C04FF /* AppDelegate.m in Sources */,
				4E9983481B837751002CCED3 /* UIViewExt.m in Sources */,
				4E9983621B8377E8002CCED3 /* CTDisplayView.m in Sources */,
				4E93FBFE1B7B5E20001C04FF /* main.m in Sources */,
			);
			runOnlyForDeploymentPostprocessing = 0;
		};
		4E93FC0D1B7B5E20001C04FF /* Sources */ = {
			isa = PBXSourcesBuildPhase;
			buildActionMask = 2147483647;
			files = (
				4E93FC181B7B5E20001C04FF /* coreTextTests.m in Sources */,
			);
			runOnlyForDeploymentPostprocessing = 0;
		};
/* End PBXSourcesBuildPhase section */

/* Begin PBXTargetDependency section */
		4E93FC131B7B5E20001C04FF /* PBXTargetDependency */ = {
			isa = PBXTargetDependency;
			target = 4E93FBF71B7B5E20001C04FF /* coreText */;
			targetProxy = 4E93FC121B7B5E20001C04FF /* PBXContainerItemProxy */;
		};
/* End PBXTargetDependency section */

/* Begin PBXVariantGroup section */
		4E93FC051B7B5E20001C04FF /* Main.storyboard */ = {
			isa = PBXVariantGroup;
			children = (
				4E93FC061B7B5E20001C04FF /* Base */,
			);
			name = Main.storyboard;
			sourceTree = "<group>";
		};
		4E93FC0A1B7B5E20001C04FF /* LaunchScreen.xib */ = {
			isa = PBXVariantGroup;
			children = (
				4E93FC0B1B7B5E20001C04FF /* Base */,
			);
			name = LaunchScreen.xib;
			sourceTree = "<group>";
		};
/* End PBXVariantGroup section */

/* Begin XCBuildConfiguration section */
		4E93FC191B7B5E20001C04FF /* Debug */ = {
			isa = XCBuildConfiguration;
			buildSettings = {
				ALWAYS_SEARCH_USER_PATHS = NO;
				CLANG_CXX_LANGUAGE_STANDARD = "gnu++0x";
				CLANG_CXX_LIBRARY = "libc++";
				CLANG_ENABLE_MODULES = YES;
				CLANG_ENABLE_OBJC_ARC = YES;
				CLANG_WARN_BOOL_CONVERSION = YES;
				CLANG_WARN_CONSTANT_CONVERSION = YES;
				CLANG_WARN_DIRECT_OBJC_ISA_USAGE = YES_ERROR;
				CLANG_WARN_EMPTY_BODY = YES;
				CLANG_WARN_ENUM_CONVERSION = YES;
				CLANG_WARN_INT_CONVERSION = YES;
				CLANG_WARN_OBJC_ROOT_CLASS = YES_ERROR;
				CLANG_WARN_UNREACHABLE_CODE = YES;
				CLANG_WARN__DUPLICATE_METHOD_MATCH = YES;
				"CODE_SIGN_IDENTITY[sdk=iphoneos*]" = "iPhone Developer";
				COPY_PHASE_STRIP = NO;
				DEBUG_INFORMATION_FORMAT = "dwarf-with-dsym";
				ENABLE_STRICT_OBJC_MSGSEND = YES;
				GCC_C_LANGUAGE_STANDARD = gnu99;
				GCC_DYNAMIC_NO_PIC = NO;
				GCC_NO_COMMON_BLOCKS = YES;
				GCC_OPTIMIZATION_LEVEL = 0;
				GCC_PREPROCESSOR_DEFINITIONS = (
					"DEBUG=1",
					"$(inherited)",
				);
				GCC_SYMBOLS_PRIVATE_EXTERN = NO;
				GCC_WARN_64_TO_32_BIT_CONVERSION = YES;
				GCC_WARN_ABOUT_RETURN_TYPE = YES_ERROR;
				GCC_WARN_UNDECLARED_SELECTOR = YES;
				GCC_WARN_UNINITIALIZED_AUTOS = YES_AGGRESSIVE;
				GCC_WARN_UNUSED_FUNCTION = YES;
				GCC_WARN_UNUSED_VARIABLE = YES;
				IPHONEOS_DEPLOYMENT_TARGET = 8.3;
				MTL_ENABLE_DEBUG_INFO = YES;
				ONLY_ACTIVE_ARCH = YES;
				SDKROOT = iphoneos;
			};
			name = Debug;
		};
		4E93FC1A1B7B5E20001C04FF /* Release */ = {
			isa = XCBuildConfiguration;
			buildSettings = {
				ALWAYS_SEARCH_USER_PATHS = NO;
				CLANG_CXX_LANGUAGE_STANDARD = "gnu++0x";
				CLANG_CXX_LIBRARY = "libc++";
				CLANG_ENABLE_MODULES = YES;
				CLANG_ENABLE_OBJC_ARC = YES;
				CLANG_WARN_BOOL_CONVERSION = YES;
				CLANG_WARN_CONSTANT_CONVERSION = YES;
				CLANG_WARN_DIRECT_OBJC_ISA_USAGE = YES_ERROR;
				CLANG_WARN_EMPTY_BODY = YES;
				CLANG_WARN_ENUM_CONVERSION = YES;
				CLANG_WARN_INT_CONVERSION = YES;
				CLANG_WARN_OBJC_ROOT_CLASS = YES_ERROR;
				CLANG_WARN_UNREACHABLE_CODE = YES;
				CLANG_WARN__DUPLICATE_METHOD_MATCH = YES;
				"CODE_SIGN_IDENTITY[sdk=iphoneos*]" = "iPhone Developer";
				COPY_PHASE_STRIP = NO;
				DEBUG_INFORMATION_FORMAT = "dwarf-with-dsym";
				ENABLE_NS_ASSERTIONS = NO;
				ENABLE_STRICT_OBJC_MSGSEND = YES;
				GCC_C_LANGUAGE_STANDARD = gnu99;
				GCC_NO_COMMON_BLOCKS = YES;
				GCC_WARN_64_TO_32_BIT_CONVERSION = YES;
				GCC_WARN_ABOUT_RETURN_TYPE = YES_ERROR;
				GCC_WARN_UNDECLARED_SELECTOR = YES;
				GCC_WARN_UNINITIALIZED_AUTOS = YES_AGGRESSIVE;
				GCC_WARN_UNUSED_FUNCTION = YES;
				GCC_WARN_UNUSED_VARIABLE = YES;
				IPHONEOS_DEPLOYMENT_TARGET = 8.3;
				MTL_ENABLE_DEBUG_INFO = NO;
				SDKROOT = iphoneos;
				VALIDATE_PRODUCT = YES;
			};
			name = Release;
		};
		4E93FC1C1B7B5E20001C04FF /* Debug */ = {
			isa = XCBuildConfiguration;
			buildSettings = {
				ASSETCATALOG_COMPILER_APPICON_NAME = AppIcon;
				GCC_PREFIX_HEADER = "$(SRCROOT)/coreText/pchFile.pch";
				INFOPLIST_FILE = coreText/Info.plist;
				LD_RUNPATH_SEARCH_PATHS = "$(inherited) @executable_path/Frameworks";
				PRODUCT_NAME = "$(TARGET_NAME)";
			};
			name = Debug;
		};
		4E93FC1D1B7B5E20001C04FF /* Release */ = {
			isa = XCBuildConfiguration;
			buildSettings = {
				ASSETCATALOG_COMPILER_APPICON_NAME = AppIcon;
				GCC_PREFIX_HEADER = "$(SRCROOT)/coreText/pchFile.pch";
				INFOPLIST_FILE = coreText/Info.plist;
				LD_RUNPATH_SEARCH_PATHS = "$(inherited) @executable_path/Frameworks";
				PRODUCT_NAME = "$(TARGET_NAME)";
			};
			name = Release;
		};
		4E93FC1F1B7B5E20001C04FF /* Debug */ = {
			isa = XCBuildConfiguration;
			buildSettings = {
				BUNDLE_LOADER = "$(TEST_HOST)";
				FRAMEWORK_SEARCH_PATHS = (
					"$(SDKROOT)/Developer/Library/Frameworks",
					"$(inherited)",
				);
				GCC_PREPROCESSOR_DEFINITIONS = (
					"DEBUG=1",
					"$(inherited)",
				);
				INFOPLIST_FILE = coreTextTests/Info.plist;
				LD_RUNPATH_SEARCH_PATHS = "$(inherited) @executable_path/Frameworks @loader_path/Frameworks";
				PRODUCT_NAME = "$(TARGET_NAME)";
				TEST_HOST = "$(BUILT_PRODUCTS_DIR)/coreText.app/coreText";
			};
			name = Debug;
		};
		4E93FC201B7B5E20001C04FF /* Release */ = {
			isa = XCBuildConfiguration;
			buildSettings = {
				BUNDLE_LOADER = "$(TEST_HOST)";
				FRAMEWORK_SEARCH_PATHS = (
					"$(SDKROOT)/Developer/Library/Frameworks",
					"$(inherited)",
				);
				INFOPLIST_FILE = coreTextTests/Info.plist;
				LD_RUNPATH_SEARCH_PATHS = "$(inherited) @executable_path/Frameworks @loader_path/Frameworks";
				PRODUCT_NAME = "$(TARGET_NAME)";
				TEST_HOST = "$(BUILT_PRODUCTS_DIR)/coreText.app/coreText";
			};
			name = Release;
		};
/* End XCBuildConfiguration section */

/* Begin XCConfigurationList section */
		4E93FBF31B7B5E20001C04FF /* Build configuration list for PBXProject "coreText" */ = {
			isa = XCConfigurationList;
			buildConfigurations = (
				4E93FC191B7B5E20001C04FF /* Debug */,
				4E93FC1A1B7B5E20001C04FF /* Release */,
			);
			defaultConfigurationIsVisible = 0;
			defaultConfigurationName = Release;
		};
		4E93FC1B1B7B5E20001C04FF /* Build configuration list for PBXNativeTarget "coreText" */ = {
			isa = XCConfigurationList;
			buildConfigurations = (
				4E93FC1C1B7B5E20001C04FF /* Debug */,
				4E93FC1D1B7B5E20001C04FF /* Release */,
			);
			defaultConfigurationIsVisible = 0;
			defaultConfigurationName = Release;
		};
		4E93FC1E1B7B5E20001C04FF /* Build configuration list for PBXNativeTarget "coreTextTests" */ = {
			isa = XCConfigurationList;
			buildConfigurations = (
				4E93FC1F1B7B5E20001C04FF /* Debug */,
				4E93FC201B7B5E20001C04FF /* Release */,
			);
			defaultConfigurationIsVisible = 0;
			defaultConfigurationName = Release;
		};
/* End XCConfigurationList section */
	};
	rootObject = 4E93FBF01B7B5E20001C04FF /* Project object */;
}
