// !$*UTF8*$!
{
	archiveVersion = 1;
	classes = {
	};
	objectVersion = 46;
	objects = {

/* Begin PBXBuildFile section */
		4E99838A1B8CAF3A002CCED3 /* NSManagedObjectContext+CoreDataRecorder.m in Sources */ = {isa = PBXBuildFile; fileRef = 4E9983891B8CAF3A002CCED3 /* NSManagedObjectContext+CoreDataRecorder.m */; };
		4E99838D1B8CB173002CCED3 /* NSPersistentStoreCoordinator+CoreDataPersistent.m in Sources */ = {isa = PBXBuildFile; fileRef = 4E99838C1B8CB173002CCED3 /* NSPersistentStoreCoordinator+CoreDataPersistent.m */; };
		4E9983901B8CBADA002CCED3 /* NSManagedObjectContext+CoreDataSaves.m in Sources */ = {isa = PBXBuildFile; fileRef = 4E99838F1B8CBADA002CCED3 /* NSManagedObjectContext+CoreDataSaves.m */; };
		4E9983931B8F48AF002CCED3 /* NSManagedObject+CoreDataEntity.m in Sources */ = {isa = PBXBuildFile; fileRef = 4E9983921B8F48AF002CCED3 /* NSManagedObject+CoreDataEntity.m */; };
		4EA5D68B1B841C350023C6DF /* main.m in Sources */ = {isa = PBXBuildFile; fileRef = 4EA5D68A1B841C350023C6DF /* main.m */; };
		4EA5D68E1B841C350023C6DF /* AppDelegate.m in Sources */ = {isa = PBXBuildFile; fileRef = 4EA5D68D1B841C350023C6DF /* AppDelegate.m */; };
		4EA5D6911B841C350023C6DF /* CoreData.xcdatamodeld in Sources */ = {isa = PBXBuildFile; fileRef = 4EA5D68F1B841C350023C6DF /* CoreData.xcdatamodeld */; };
		4EA5D6941B841C350023C6DF /* ViewController.m in Sources */ = {isa = PBXBuildFile; fileRef = 4EA5D6931B841C350023C6DF /* ViewController.m */; };
		4EA5D6971B841C350023C6DF /* Main.storyboard in Resources */ = {isa = PBXBuildFile; fileRef = 4EA5D6951B841C350023C6DF /* Main.storyboard */; };
		4EA5D6991B841C350023C6DF /* Images.xcassets in Resources */ = {isa = PBXBuildFile; fileRef = 4EA5D6981B841C350023C6DF /* Images.xcassets */; };
		4EA5D69C1B841C350023C6DF /* LaunchScreen.xib in Resources */ = {isa = PBXBuildFile; fileRef = 4EA5D69A1B841C350023C6DF /* LaunchScreen.xib */; };
		4EA5D6A81B841C350023C6DF /* CoreDataTests.m in Sources */ = {isa = PBXBuildFile; fileRef = 4EA5D6A71B841C350023C6DF /* CoreDataTests.m */; };
		4EA5D6B61B8422100023C6DF /* Person.m in Sources */ = {isa = PBXBuildFile; fileRef = 4EA5D6B31B8422100023C6DF /* Person.m */; };
		4EA5D6B71B8422100023C6DF /* Card.m in Sources */ = {isa = PBXBuildFile; fileRef = 4EA5D6B51B8422100023C6DF /* Card.m */; };
		4EA5D6B91B842EC70023C6DF /* CoreData.framework in Frameworks */ = {isa = PBXBuildFile; fileRef = 4EA5D6B81B842EC70023C6DF /* CoreData.framework */; };
		4EA5D6BC1B846F130023C6DF /* NSManagedObjectContext+GenerateContext.m in Sources */ = {isa = PBXBuildFile; fileRef = 4EA5D6BB1B846F130023C6DF /* NSManagedObjectContext+GenerateContext.m */; };
		4EB9F6931B85668A00FCF120 /* CoreDataManager.m in Sources */ = {isa = PBXBuildFile; fileRef = 4EB9F6921B85668A00FCF120 /* CoreDataManager.m */; };
/* End PBXBuildFile section */

/* Begin PBXContainerItemProxy section */
		4EA5D6A21B841C350023C6DF /* PBXContainerItemProxy */ = {
			isa = PBXContainerItemProxy;
			containerPortal = 4EA5D67D1B841C350023C6DF /* Project object */;
			proxyType = 1;
			remoteGlobalIDString = 4EA5D6841B841C350023C6DF;
			remoteInfo = CoreData;
		};
/* End PBXContainerItemProxy section */

/* Begin PBXFileReference section */
		4E9983881B8CAF3A002CCED3 /* NSManagedObjectContext+CoreDataRecorder.h */ = {isa = PBXFileReference; fileEncoding = 4; lastKnownFileType = sourcecode.c.h; name = "NSManagedObjectContext+CoreDataRecorder.h"; path = "CoreDataClass/NSManagedObjectContext+CoreDataRecorder.h"; sourceTree = "<group>"; };
		4E9983891B8CAF3A002CCED3 /* NSManagedObjectContext+CoreDataRecorder.m */ = {isa = PBXFileReference; fileEncoding = 4; lastKnownFileType = sourcecode.c.objc; name = "NSManagedObjectContext+CoreDataRecorder.m"; path = "CoreDataClass/NSManagedObjectContext+CoreDataRecorder.m"; sourceTree = "<group>"; };
		4E99838B1B8CB173002CCED3 /* NSPersistentStoreCoordinator+CoreDataPersistent.h */ = {isa = PBXFileReference; fileEncoding = 4; lastKnownFileType = sourcecode.c.h; name = "NSPersistentStoreCoordinator+CoreDataPersistent.h"; path = "CoreDataClass/NSPersistentStoreCoordinator+CoreDataPersistent.h"; sourceTree = "<group>"; };
		4E99838C1B8CB173002CCED3 /* NSPersistentStoreCoordinator+CoreDataPersistent.m */ = {isa = PBXFileReference; fileEncoding = 4; lastKnownFileType = sourcecode.c.objc; name = "NSPersistentStoreCoordinator+CoreDataPersistent.m"; path = "CoreDataClass/NSPersistentStoreCoordinator+CoreDataPersistent.m"; sourceTree = "<group>"; };
		4E99838E1B8CBADA002CCED3 /* NSManagedObjectContext+CoreDataSaves.h */ = {isa = PBXFileReference; fileEncoding = 4; lastKnownFileType = sourcecode.c.h; name = "NSManagedObjectContext+CoreDataSaves.h"; path = "CoreDataClass/NSManagedObjectContext+CoreDataSaves.h"; sourceTree = "<group>"; };
		4E99838F1B8CBADA002CCED3 /* NSManagedObjectContext+CoreDataSaves.m */ = {isa = PBXFileReference; fileEncoding = 4; lastKnownFileType = sourcecode.c.objc; name = "NSManagedObjectContext+CoreDataSaves.m"; path = "CoreDataClass/NSManagedObjectContext+CoreDataSaves.m"; sourceTree = "<group>"; };
		4E9983911B8F48AF002CCED3 /* NSManagedObject+CoreDataEntity.h */ = {isa = PBXFileReference; fileEncoding = 4; lastKnownFileType = sourcecode.c.h; name = "NSManagedObject+CoreDataEntity.h"; path = "CoreDataClass/NSManagedObject+CoreDataEntity.h"; sourceTree = "<group>"; };
		4E9983921B8F48AF002CCED3 /* NSManagedObject+CoreDataEntity.m */ = {isa = PBXFileReference; fileEncoding = 4; lastKnownFileType = sourcecode.c.objc; name = "NSManagedObject+CoreDataEntity.m"; path = "CoreDataClass/NSManagedObject+CoreDataEntity.m"; sourceTree = "<group>"; };
		4EA5D6851B841C350023C6DF /* CoreData.app */ = {isa = PBXFileReference; explicitFileType = wrapper.application; includeInIndex = 0; path = CoreData.app; sourceTree = BUILT_PRODUCTS_DIR; };
		4EA5D6891B841C350023C6DF /* Info.plist */ = {isa = PBXFileReference; lastKnownFileType = text.plist.xml; path = Info.plist; sourceTree = "<group>"; };
		4EA5D68A1B841C350023C6DF /* main.m */ = {isa = PBXFileReference; lastKnownFileType = sourcecode.c.objc; path = main.m; sourceTree = "<group>"; };
		4EA5D68C1B841C350023C6DF /* AppDelegate.h */ = {isa = PBXFileReference; lastKnownFileType = sourcecode.c.h; path = AppDelegate.h; sourceTree = "<group>"; };
		4EA5D68D1B841C350023C6DF /* AppDelegate.m */ = {isa = PBXFileReference; lastKnownFileType = sourcecode.c.objc; path = AppDelegate.m; sourceTree = "<group>"; };
		4EA5D6901B841C350023C6DF /* CoreData.xcdatamodel */ = {isa = PBXFileReference; lastKnownFileType = wrapper.xcdatamodel; path = CoreData.xcdatamodel; sourceTree = "<group>"; };
		4EA5D6921B841C350023C6DF /* ViewController.h */ = {isa = PBXFileReference; lastKnownFileType = sourcecode.c.h; path = ViewController.h; sourceTree = "<group>"; };
		4EA5D6931B841C350023C6DF /* ViewController.m */ = {isa = PBXFileReference; lastKnownFileType = sourcecode.c.objc; path = ViewController.m; sourceTree = "<group>"; };
		4EA5D6961B841C350023C6DF /* Base */ = {isa = PBXFileReference; lastKnownFileType = file.storyboard; name = Base; path = Base.lproj/Main.storyboard; sourceTree = "<group>"; };
		4EA5D6981B841C350023C6DF /* Images.xcassets */ = {isa = PBXFileReference; lastKnownFileType = folder.assetcatalog; path = Images.xcassets; sourceTree = "<group>"; };
		4EA5D69B1B841C350023C6DF /* Base */ = {isa = PBXFileReference; lastKnownFileType = file.xib; name = Base; path = Base.lproj/LaunchScreen.xib; sourceTree = "<group>"; };
		4EA5D6A11B841C350023C6DF /* CoreDataTests.xctest */ = {isa = PBXFileReference; explicitFileType = wrapper.cfbundle; includeInIndex = 0; path = CoreDataTests.xctest; sourceTree = BUILT_PRODUCTS_DIR; };
		4EA5D6A61B841C350023C6DF /* Info.plist */ = {isa = PBXFileReference; lastKnownFileType = text.plist.xml; path = Info.plist; sourceTree = "<group>"; };
		4EA5D6A71B841C350023C6DF /* CoreDataTests.m */ = {isa = PBXFileReference; lastKnownFileType = sourcecode.c.objc; path = CoreDataTests.m; sourceTree = "<group>"; };
		4EA5D6B21B8422100023C6DF /* Person.h */ = {isa = PBXFileReference; fileEncoding = 4; lastKnownFileType = sourcecode.c.h; path = Person.h; sourceTree = "<group>"; };
		4EA5D6B31B8422100023C6DF /* Person.m */ = {isa = PBXFileReference; fileEncoding = 4; lastKnownFileType = sourcecode.c.objc; path = Person.m; sourceTree = "<group>"; };
		4EA5D6B41B8422100023C6DF /* Card.h */ = {isa = PBXFileReference; fileEncoding = 4; lastKnownFileType = sourcecode.c.h; path = Card.h; sourceTree = "<group>"; };
		4EA5D6B51B8422100023C6DF /* Card.m */ = {isa = PBXFileReference; fileEncoding = 4; lastKnownFileType = sourcecode.c.objc; path = Card.m; sourceTree = "<group>"; };
		4EA5D6B81B842EC70023C6DF /* CoreData.framework */ = {isa = PBXFileReference; lastKnownFileType = wrapper.framework; name = CoreData.framework; path = System/Library/Frameworks/CoreData.framework; sourceTree = SDKROOT; };
		4EA5D6BA1B846F130023C6DF /* NSManagedObjectContext+GenerateContext.h */ = {isa = PBXFileReference; fileEncoding = 4; lastKnownFileType = sourcecode.c.h; path = "NSManagedObjectContext+GenerateContext.h"; sourceTree = "<group>"; };
		4EA5D6BB1B846F130023C6DF /* NSManagedObjectContext+GenerateContext.m */ = {isa = PBXFileReference; fileEncoding = 4; lastKnownFileType = sourcecode.c.objc; path = "NSManagedObjectContext+GenerateContext.m"; sourceTree = "<group>"; };
		4EB9F6911B85668A00FCF120 /* CoreDataManager.h */ = {isa = PBXFileReference; fileEncoding = 4; lastKnownFileType = sourcecode.c.h; name = CoreDataManager.h; path = CoreDataClass/CoreDataManager.h; sourceTree = "<group>"; };
		4EB9F6921B85668A00FCF120 /* CoreDataManager.m */ = {isa = PBXFileReference; fileEncoding = 4; lastKnownFileType = sourcecode.c.objc; name = CoreDataManager.m; path = CoreDataClass/CoreDataManager.m; sourceTree = "<group>"; };
/* End PBXFileReference section */

/* Begin PBXFrameworksBuildPhase section */
		4EA5D6821B841C350023C6DF /* Frameworks */ = {
			isa = PBXFrameworksBuildPhase;
			buildActionMask = 2147483647;
			files = (
				4EA5D6B91B842EC70023C6DF /* CoreData.framework in Frameworks */,
			);
			runOnlyForDeploymentPostprocessing = 0;
		};
		4EA5D69E1B841C350023C6DF /* Frameworks */ = {
			isa = PBXFrameworksBuildPhase;
			buildActionMask = 2147483647;
			files = (
			);
			runOnlyForDeploymentPostprocessing = 0;
		};
/* End PBXFrameworksBuildPhase section */

/* Begin PBXGroup section */
		4EA5D67C1B841C350023C6DF = {
			isa = PBXGroup;
			children = (
				4EA5D6B81B842EC70023C6DF /* CoreData.framework */,
				4EA5D6871B841C350023C6DF /* CoreData */,
				4EA5D6A41B841C350023C6DF /* CoreDataTests */,
				4EA5D6861B841C350023C6DF /* Products */,
			);
			sourceTree = "<group>";
		};
		4EA5D6861B841C350023C6DF /* Products */ = {
			isa = PBXGroup;
			children = (
				4EA5D6851B841C350023C6DF /* CoreData.app */,
				4EA5D6A11B841C350023C6DF /* CoreDataTests.xctest */,
			);
			name = Products;
			sourceTree = "<group>";
		};
		4EA5D6871B841C350023C6DF /* CoreData */ = {
			isa = PBXGroup;
			children = (
				4EB9F6901B85664500FCF120 /* CoreDataClass */,
				4EA5D6B11B8421FE0023C6DF /* CoreDataModel */,
				4EA5D68C1B841C350023C6DF /* AppDelegate.h */,
				4EA5D68D1B841C350023C6DF /* AppDelegate.m */,
				4EA5D6921B841C350023C6DF /* ViewController.h */,
				4EA5D6931B841C350023C6DF /* ViewController.m */,
				4EA5D6BA1B846F130023C6DF /* NSManagedObjectContext+GenerateContext.h */,
				4EA5D6BB1B846F130023C6DF /* NSManagedObjectContext+GenerateContext.m */,
				4EA5D6951B841C350023C6DF /* Main.storyboard */,
				4EA5D6981B841C350023C6DF /* Images.xcassets */,
				4EA5D69A1B841C350023C6DF /* LaunchScreen.xib */,
				4EA5D6881B841C350023C6DF /* Supporting Files */,
			);
			path = CoreData;
			sourceTree = "<group>";
		};
		4EA5D6881B841C350023C6DF /* Supporting Files */ = {
			isa = PBXGroup;
			children = (
				4EA5D6891B841C350023C6DF /* Info.plist */,
				4EA5D68A1B841C350023C6DF /* main.m */,
			);
			name = "Supporting Files";
			sourceTree = "<group>";
		};
		4EA5D6A41B841C350023C6DF /* CoreDataTests */ = {
			isa = PBXGroup;
			children = (
				4EA5D6A71B841C350023C6DF /* CoreDataTests.m */,
				4EA5D6A51B841C350023C6DF /* Supporting Files */,
			);
			path = CoreDataTests;
			sourceTree = "<group>";
		};
		4EA5D6A51B841C350023C6DF /* Supporting Files */ = {
			isa = PBXGroup;
			children = (
				4EA5D6A61B841C350023C6DF /* Info.plist */,
			);
			name = "Supporting Files";
			sourceTree = "<group>";
		};
		4EA5D6B11B8421FE0023C6DF /* CoreDataModel */ = {
			isa = PBXGroup;
			children = (
				4EA5D6B21B8422100023C6DF /* Person.h */,
				4EA5D6B31B8422100023C6DF /* Person.m */,
				4EA5D6B41B8422100023C6DF /* Card.h */,
				4EA5D6B51B8422100023C6DF /* Card.m */,
				4EA5D68F1B841C350023C6DF /* CoreData.xcdatamodeld */,
			);
			name = CoreDataModel;
			sourceTree = "<group>";
		};
		4EB9F6901B85664500FCF120 /* CoreDataClass */ = {
			isa = PBXGroup;
			children = (
				4EB9F6911B85668A00FCF120 /* CoreDataManager.h */,
				4EB9F6921B85668A00FCF120 /* CoreDataManager.m */,
				4E9983881B8CAF3A002CCED3 /* NSManagedObjectContext+CoreDataRecorder.h */,
				4E9983891B8CAF3A002CCED3 /* NSManagedObjectContext+CoreDataRecorder.m */,
				4E99838B1B8CB173002CCED3 /* NSPersistentStoreCoordinator+CoreDataPersistent.h */,
				4E99838C1B8CB173002CCED3 /* NSPersistentStoreCoordinator+CoreDataPersistent.m */,
				4E99838E1B8CBADA002CCED3 /* NSManagedObjectContext+CoreDataSaves.h */,
				4E99838F1B8CBADA002CCED3 /* NSManagedObjectContext+CoreDataSaves.m */,
				4E9983911B8F48AF002CCED3 /* NSManagedObject+CoreDataEntity.h */,
				4E9983921B8F48AF002CCED3 /* NSManagedObject+CoreDataEntity.m */,
			);
			name = CoreDataClass;
			sourceTree = "<group>";
		};
/* End PBXGroup section */

/* Begin PBXNativeTarget section */
		4EA5D6841B841C350023C6DF /* CoreData */ = {
			isa = PBXNativeTarget;
			buildConfigurationList = 4EA5D6AB1B841C350023C6DF /* Build configuration list for PBXNativeTarget "CoreData" */;
			buildPhases = (
				4EA5D6811B841C350023C6DF /* Sources */,
				4EA5D6821B841C350023C6DF /* Frameworks */,
				4EA5D6831B841C350023C6DF /* Resources */,
			);
			buildRules = (
			);
			dependencies = (
			);
			name = CoreData;
			productName = CoreData;
			productReference = 4EA5D6851B841C350023C6DF /* CoreData.app */;
			productType = "com.apple.product-type.application";
		};
		4EA5D6A01B841C350023C6DF /* CoreDataTests */ = {
			isa = PBXNativeTarget;
			buildConfigurationList = 4EA5D6AE1B841C350023C6DF /* Build configuration list for PBXNativeTarget "CoreDataTests" */;
			buildPhases = (
				4EA5D69D1B841C350023C6DF /* Sources */,
				4EA5D69E1B841C350023C6DF /* Frameworks */,
				4EA5D69F1B841C350023C6DF /* Resources */,
			);
			buildRules = (
			);
			dependencies = (
				4EA5D6A31B841C350023C6DF /* PBXTargetDependency */,
			);
			name = CoreDataTests;
			productName = CoreDataTests;
			productReference = 4EA5D6A11B841C350023C6DF /* CoreDataTests.xctest */;
			productType = "com.apple.product-type.bundle.unit-test";
		};
/* End PBXNativeTarget section */

/* Begin PBXProject section */
		4EA5D67D1B841C350023C6DF /* Project object */ = {
			isa = PBXProject;
			attributes = {
				LastUpgradeCheck = 0630;
				ORGANIZATIONNAME = RongYu100;
				TargetAttributes = {
					4EA5D6841B841C350023C6DF = {
						CreatedOnToolsVersion = 6.3.2;
					};
					4EA5D6A01B841C350023C6DF = {
						CreatedOnToolsVersion = 6.3.2;
						TestTargetID = 4EA5D6841B841C350023C6DF;
					};
				};
			};
			buildConfigurationList = 4EA5D6801B841C350023C6DF /* Build configuration list for PBXProject "CoreData" */;
			compatibilityVersion = "Xcode 3.2";
			developmentRegion = English;
			hasScannedForEncodings = 0;
			knownRegions = (
				en,
				Base,
			);
			mainGroup = 4EA5D67C1B841C350023C6DF;
			productRefGroup = 4EA5D6861B841C350023C6DF /* Products */;
			projectDirPath = "";
			projectRoot = "";
			targets = (
				4EA5D6841B841C350023C6DF /* CoreData */,
				4EA5D6A01B841C350023C6DF /* CoreDataTests */,
			);
		};
/* End PBXProject section */

/* Begin PBXResourcesBuildPhase section */
		4EA5D6831B841C350023C6DF /* Resources */ = {
			isa = PBXResourcesBuildPhase;
			buildActionMask = 2147483647;
			files = (
				4EA5D6971B841C350023C6DF /* Main.storyboard in Resources */,
				4EA5D69C1B841C350023C6DF /* LaunchScreen.xib in Resources */,
				4EA5D6991B841C350023C6DF /* Images.xcassets in Resources */,
			);
			runOnlyForDeploymentPostprocessing = 0;
		};
		4EA5D69F1B841C350023C6DF /* Resources */ = {
			isa = PBXResourcesBuildPhase;
			buildActionMask = 2147483647;
			files = (
			);
			runOnlyForDeploymentPostprocessing = 0;
		};
/* End PBXResourcesBuildPhase section */

/* Begin PBXSourcesBuildPhase section */
		4EA5D6811B841C350023C6DF /* Sources */ = {
			isa = PBXSourcesBuildPhase;
			buildActionMask = 2147483647;
			files = (
				4EA5D68E1B841C350023C6DF /* AppDelegate.m in Sources */,
				4EA5D68B1B841C350023C6DF /* main.m in Sources */,
				4E9983931B8F48AF002CCED3 /* NSManagedObject+CoreDataEntity.m in Sources */,
				4E9983901B8CBADA002CCED3 /* NSManagedObjectContext+CoreDataSaves.m in Sources */,
				4EB9F6931B85668A00FCF120 /* CoreDataManager.m in Sources */,
				4EA5D6B61B8422100023C6DF /* Person.m in Sources */,
				4EA5D6941B841C350023C6DF /* ViewController.m in Sources */,
				4EA5D6BC1B846F130023C6DF /* NSManagedObjectContext+GenerateContext.m in Sources */,
				4E99838A1B8CAF3A002CCED3 /* NSManagedObjectContext+CoreDataRecorder.m in Sources */,
				4EA5D6911B841C350023C6DF /* CoreData.xcdatamodeld in Sources */,
				4E99838D1B8CB173002CCED3 /* NSPersistentStoreCoordinator+CoreDataPersistent.m in Sources */,
				4EA5D6B71B8422100023C6DF /* Card.m in Sources */,
			);
			runOnlyForDeploymentPostprocessing = 0;
		};
		4EA5D69D1B841C350023C6DF /* Sources */ = {
			isa = PBXSourcesBuildPhase;
			buildActionMask = 2147483647;
			files = (
				4EA5D6A81B841C350023C6DF /* CoreDataTests.m in Sources */,
			);
			runOnlyForDeploymentPostprocessing = 0;
		};
/* End PBXSourcesBuildPhase section */

/* Begin PBXTargetDependency section */
		4EA5D6A31B841C350023C6DF /* PBXTargetDependency */ = {
			isa = PBXTargetDependency;
			target = 4EA5D6841B841C350023C6DF /* CoreData */;
			targetProxy = 4EA5D6A21B841C350023C6DF /* PBXContainerItemProxy */;
		};
/* End PBXTargetDependency section */

/* Begin PBXVariantGroup section */
		4EA5D6951B841C350023C6DF /* Main.storyboard */ = {
			isa = PBXVariantGroup;
			children = (
				4EA5D6961B841C350023C6DF /* Base */,
			);
			name = Main.storyboard;
			sourceTree = "<group>";
		};
		4EA5D69A1B841C350023C6DF /* LaunchScreen.xib */ = {
			isa = PBXVariantGroup;
			children = (
				4EA5D69B1B841C350023C6DF /* Base */,
			);
			name = LaunchScreen.xib;
			sourceTree = "<group>";
		};
/* End PBXVariantGroup section */

/* Begin XCBuildConfiguration section */
		4EA5D6A91B841C350023C6DF /* Debug */ = {
			isa = XCBuildConfiguration;
			buildSettings = {
				ALWAYS_SEARCH_USER_PATHS = NO;
				CLANG_CXX_LANGUAGE_STANDARD = "gnu++0x";
				CLANG_CXX_LIBRARY = "libc++";
				CLANG_ENABLE_MODULES = YES;
				CLANG_ENABLE_OBJC_ARC = YES;
				CLANG_WARN_BOOL_CONVERSION = YES;
				CLANG_WARN_CONSTANT_CONVERSION = YES;
				CLANG_WARN_DIRECT_OBJC_ISA_USAGE = YES_ERROR;
				CLANG_WARN_EMPTY_BODY = YES;
				CLANG_WARN_ENUM_CONVERSION = YES;
				CLANG_WARN_INT_CONVERSION = YES;
				CLANG_WARN_OBJC_ROOT_CLASS = YES_ERROR;
				CLANG_WARN_UNREACHABLE_CODE = YES;
				CLANG_WARN__DUPLICATE_METHOD_MATCH = YES;
				"CODE_SIGN_IDENTITY[sdk=iphoneos*]" = "iPhone Developer";
				COPY_PHASE_STRIP = NO;
				DEBUG_INFORMATION_FORMAT = "dwarf-with-dsym";
				ENABLE_STRICT_OBJC_MSGSEND = YES;
				GCC_C_LANGUAGE_STANDARD = gnu99;
				GCC_DYNAMIC_NO_PIC = NO;
				GCC_NO_COMMON_BLOCKS = YES;
				GCC_OPTIMIZATION_LEVEL = 0;
				GCC_PREPROCESSOR_DEFINITIONS = (
					"DEBUG=1",
					"$(inherited)",
				);
				GCC_SYMBOLS_PRIVATE_EXTERN = NO;
				GCC_WARN_64_TO_32_BIT_CONVERSION = YES;
				GCC_WARN_ABOUT_RETURN_TYPE = YES_ERROR;
				GCC_WARN_UNDECLARED_SELECTOR = YES;
				GCC_WARN_UNINITIALIZED_AUTOS = YES_AGGRESSIVE;
				GCC_WARN_UNUSED_FUNCTION = YES;
				GCC_WARN_UNUSED_VARIABLE = YES;
				IPHONEOS_DEPLOYMENT_TARGET = 8.3;
				MTL_ENABLE_DEBUG_INFO = YES;
				ONLY_ACTIVE_ARCH = YES;
				SDKROOT = iphoneos;
			};
			name = Debug;
		};
		4EA5D6AA1B841C350023C6DF /* Release */ = {
			isa = XCBuildConfiguration;
			buildSettings = {
				ALWAYS_SEARCH_USER_PATHS = NO;
				CLANG_CXX_LANGUAGE_STANDARD = "gnu++0x";
				CLANG_CXX_LIBRARY = "libc++";
				CLANG_ENABLE_MODULES = YES;
				CLANG_ENABLE_OBJC_ARC = YES;
				CLANG_WARN_BOOL_CONVERSION = YES;
				CLANG_WARN_CONSTANT_CONVERSION = YES;
				CLANG_WARN_DIRECT_OBJC_ISA_USAGE = YES_ERROR;
				CLANG_WARN_EMPTY_BODY = YES;
				CLANG_WARN_ENUM_CONVERSION = YES;
				CLANG_WARN_INT_CONVERSION = YES;
				CLANG_WARN_OBJC_ROOT_CLASS = YES_ERROR;
				CLANG_WARN_UNREACHABLE_CODE = YES;
				CLANG_WARN__DUPLICATE_METHOD_MATCH = YES;
				"CODE_SIGN_IDENTITY[sdk=iphoneos*]" = "iPhone Developer";
				COPY_PHASE_STRIP = NO;
				DEBUG_INFORMATION_FORMAT = "dwarf-with-dsym";
				ENABLE_NS_ASSERTIONS = NO;
				ENABLE_STRICT_OBJC_MSGSEND = YES;
				GCC_C_LANGUAGE_STANDARD = gnu99;
				GCC_NO_COMMON_BLOCKS = YES;
				GCC_WARN_64_TO_32_BIT_CONVERSION = YES;
				GCC_WARN_ABOUT_RETURN_TYPE = YES_ERROR;
				GCC_WARN_UNDECLARED_SELECTOR = YES;
				GCC_WARN_UNINITIALIZED_AUTOS = YES_AGGRESSIVE;
				GCC_WARN_UNUSED_FUNCTION = YES;
				GCC_WARN_UNUSED_VARIABLE = YES;
				IPHONEOS_DEPLOYMENT_TARGET = 8.3;
				MTL_ENABLE_DEBUG_INFO = NO;
				SDKROOT = iphoneos;
				VALIDATE_PRODUCT = YES;
			};
			name = Release;
		};
		4EA5D6AC1B841C350023C6DF /* Debug */ = {
			isa = XCBuildConfiguration;
			buildSettings = {
				ASSETCATALOG_COMPILER_APPICON_NAME = AppIcon;
				INFOPLIST_FILE = CoreData/Info.plist;
				LD_RUNPATH_SEARCH_PATHS = "$(inherited) @executable_path/Frameworks";
				PRODUCT_NAME = "$(TARGET_NAME)";
			};
			name = Debug;
		};
		4EA5D6AD1B841C350023C6DF /* Release */ = {
			isa = XCBuildConfiguration;
			buildSettings = {
				ASSETCATALOG_COMPILER_APPICON_NAME = AppIcon;
				INFOPLIST_FILE = CoreData/Info.plist;
				LD_RUNPATH_SEARCH_PATHS = "$(inherited) @executable_path/Frameworks";
				PRODUCT_NAME = "$(TARGET_NAME)";
			};
			name = Release;
		};
		4EA5D6AF1B841C350023C6DF /* Debug */ = {
			isa = XCBuildConfiguration;
			buildSettings = {
				BUNDLE_LOADER = "$(TEST_HOST)";
				FRAMEWORK_SEARCH_PATHS = (
					"$(SDKROOT)/Developer/Library/Frameworks",
					"$(inherited)",
				);
				GCC_PREPROCESSOR_DEFINITIONS = (
					"DEBUG=1",
					"$(inherited)",
				);
				INFOPLIST_FILE = CoreDataTests/Info.plist;
				LD_RUNPATH_SEARCH_PATHS = "$(inherited) @executable_path/Frameworks @loader_path/Frameworks";
				PRODUCT_NAME = "$(TARGET_NAME)";
				TEST_HOST = "$(BUILT_PRODUCTS_DIR)/CoreData.app/CoreData";
			};
			name = Debug;
		};
		4EA5D6B01B841C350023C6DF /* Release */ = {
			isa = XCBuildConfiguration;
			buildSettings = {
				BUNDLE_LOADER = "$(TEST_HOST)";
				FRAMEWORK_SEARCH_PATHS = (
					"$(SDKROOT)/Developer/Library/Frameworks",
					"$(inherited)",
				);
				INFOPLIST_FILE = CoreDataTests/Info.plist;
				LD_RUNPATH_SEARCH_PATHS = "$(inherited) @executable_path/Frameworks @loader_path/Frameworks";
				PRODUCT_NAME = "$(TARGET_NAME)";
				TEST_HOST = "$(BUILT_PRODUCTS_DIR)/CoreData.app/CoreData";
			};
			name = Release;
		};
/* End XCBuildConfiguration section */

/* Begin XCConfigurationList section */
		4EA5D6801B841C350023C6DF /* Build configuration list for PBXProject "CoreData" */ = {
			isa = XCConfigurationList;
			buildConfigurations = (
				4EA5D6A91B841C350023C6DF /* Debug */,
				4EA5D6AA1B841C350023C6DF /* Release */,
			);
			defaultConfigurationIsVisible = 0;
			defaultConfigurationName = Release;
		};
		4EA5D6AB1B841C350023C6DF /* Build configuration list for PBXNativeTarget "CoreData" */ = {
			isa = XCConfigurationList;
			buildConfigurations = (
				4EA5D6AC1B841C350023C6DF /* Debug */,
				4EA5D6AD1B841C350023C6DF /* Release */,
			);
			defaultConfigurationIsVisible = 0;
			defaultConfigurationName = Release;
		};
		4EA5D6AE1B841C350023C6DF /* Build configuration list for PBXNativeTarget "CoreDataTests" */ = {
			isa = XCConfigurationList;
			buildConfigurations = (
				4EA5D6AF1B841C350023C6DF /* Debug */,
				4EA5D6B01B841C350023C6DF /* Release */,
			);
			defaultConfigurationIsVisible = 0;
			defaultConfigurationName = Release;
		};
/* End XCConfigurationList section */

/* Begin XCVersionGroup section */
		4EA5D68F1B841C350023C6DF /* CoreData.xcdatamodeld */ = {
			isa = XCVersionGroup;
			children = (
				4EA5D6901B841C350023C6DF /* CoreData.xcdatamodel */,
			);
			currentVersion = 4EA5D6901B841C350023C6DF /* CoreData.xcdatamodel */;
			path = CoreData.xcdatamodeld;
			sourceTree = "<group>";
			versionGroupType = wrapper.xcdatamodel;
		};
/* End XCVersionGroup section */
	};
	rootObject = 4EA5D67D1B841C350023C6DF /* Project object */;
}
